
Microsoft Visual Studio Solution File, Format Version 12.00
# Visual Studio Version 17
VisualStudioVersion = 17.11.35208.52
MinimumVisualStudioVersion = 10.0.40219.1
Project("{FAE04EC0-301F-11D3-BF4B-00C04F79EFBC}") = "WindowsFormsApp1", "WindowsFormsApp1\WindowsFormsApp1.csproj", "{D1C3884B-8AAF-4915-BC6E-E55D46E08D64}"
EndProject
Global
	GlobalSection(SolutionConfigurationPlatforms) = preSolution
		Debug|Any CPU = Debug|Any CPU
		Release|Any CPU = Release|Any CPU
	EndGlobalSection
	GlobalSection(ProjectConfigurationPlatforms) = postSolution
		{D1C3884B-8AAF-4915-BC6E-E55D46E08D64}.Debug|Any CPU.ActiveCfg = Debug|Any CPU
		{D1C3884B-8AAF-4915-BC6E-E55D46E08D64}.Debug|Any CPU.Build.0 = Debug|Any CPU
		{D1C3884B-8AAF-4915-BC6E-E55D46E08D64}.Release|Any CPU.ActiveCfg = Release|Any CPU
		{D1C3884B-8AAF-4915-BC6E-E55D46E08D64}.Release|Any CPU.Build.0 = Release|Any CPU
	EndGlobalSection
	GlobalSection(SolutionProperties) = preSolution
		HideSolutionNode = FALSE
	EndGlobalSection
	GlobalSection(ExtensibilityGlobals) = postSolution
		SolutionGuid = {CC635E62-25A2-4DEF-A0FA-DDD96FAC8378}
	EndGlobalSection
EndGlobal
